github.com/JordanTheITGuy/downloadFile v0.0.0-20221124222156-ddb24cb6649e h1:svpfabL0Xe7sjTRk9UFllVk54t7vnrpa0ddAahYvS6U=
github.com/JordanTheITGuy/downloadFile v0.0.0-20221124222156-ddb24cb6649e/go.mod h1:81VI6km/8SFdxwHOfIjztlDf7UKUufUjF3byLT1hGXY=
github.com/JordanTheITGuy/goCMTrace v0.0.0-20221124191815-49cd43280b26 h1:J2uXU3RZU/qV2m7by1b/uedOfl9kskCZgWXsETOGbCA=
github.com/JordanTheITGuy/goCMTrace v0.0.0-20221124191815-49cd43280b26/go.mod h1:RwEaddK22UpETr0/i+/ZRBsjDGlu3Kl6brfxIABnfUo=
